
Microsoft Visual Studio Solution File, Format Version 12.00
# Visual Studio 14
VisualStudioVersion = 14.0.25123.0
MinimumVisualStudioVersion = 10.0.40219.1
Project("{FAE04EC0-301F-11D3-BF4B-00C04F79EFBC}") = "Encryption_Table", "Encryption_Table\Encryption_Table.csproj", "{E024C993-08AF-499E-9C22-7D47F5FB16F1}"
EndProject
Project("{FAE04EC0-301F-11D3-BF4B-00C04F79EFBC}") = "Encryption_Mag", "Encryption_Mag\Encryption_Mag.csproj", "{F7179CBB-1929-4E89-9953-43CBB4EE1371}"
EndProject
Project("{FAE04EC0-301F-11D3-BF4B-00C04F79EFBC}") = "Encryption_Caesar", "Encryption_Caesar\Encryption_Caesar.csproj", "{F8A7D6DC-76C9-4FFD-8365-60608BA3EF83}"
EndProject
Project("{FAE04EC0-301F-11D3-BF4B-00C04F79EFBC}") = "Breaking_Table", "Breaking_Table\Breaking_Table.csproj", "{39A3BBBD-AB69-4C7D-9727-3821DEA0A32D}"
EndProject
Project("{FAE04EC0-301F-11D3-BF4B-00C04F79EFBC}") = "Encryption_Trisemus", "Encryption_Trisemus\Encryption_Trisemus.csproj", "{D85F473A-91DD-4538-9259-9D7667FF29CC}"
EndProject
Project("{FAE04EC0-301F-11D3-BF4B-00C04F79EFBC}") = "Encryption_Vejener", "Encryption_Vejener\Encryption_Vejener.csproj", "{A403DFC3-0259-4260-9A6A-AA5D670FC9DB}"
EndProject
Project("{FAE04EC0-301F-11D3-BF4B-00C04F79EFBC}") = "Zalipalovo", "Zalipalovo\Zalipalovo.csproj", "{D1349A35-0EA9-4A02-9542-7FD02E9F15FA}"
EndProject
Project("{FAE04EC0-301F-11D3-BF4B-00C04F79EFBC}") = "Encryption_Vernam", "Encryption_Vernam\Encryption_Vernam.csproj", "{DE7B64EB-E9DE-4429-BFAD-40FC6599D018}"
EndProject
Project("{FAE04EC0-301F-11D3-BF4B-00C04F79EFBC}") = "AES", "AES\AES.csproj", "{160B0A4F-CBF2-4F72-BD04-173E4388509D}"
EndProject
Project("{FAE04EC0-301F-11D3-BF4B-00C04F79EFBC}") = "RSA", "RSA\RSA.csproj", "{576E6FCC-DC05-4B1B-8F99-84665A4449E4}"
EndProject
Project("{FAE04EC0-301F-11D3-BF4B-00C04F79EFBC}") = "Elgamal", "Elgamal\Elgamal.csproj", "{24C2E886-E892-496A-BFB1-5A0773A49AB2}"
EndProject
Project("{FAE04EC0-301F-11D3-BF4B-00C04F79EFBC}") = "DH", "DH\DH.csproj", "{1AC53C78-F85D-4426-83BC-A401F990025B}"
EndProject
Project("{FAE04EC0-301F-11D3-BF4B-00C04F79EFBC}") = "inst", "inst\inst.csproj", "{E064DEE7-964F-495E-AE72-AE11B77723D7}"
EndProject
Project("{FAE04EC0-301F-11D3-BF4B-00C04F79EFBC}") = "SignRSA", "SignRSA\SignRSA.csproj", "{59A3900D-AC9C-468F-95CB-67688EBD9046}"
EndProject
Project("{FAE04EC0-301F-11D3-BF4B-00C04F79EFBC}") = "nullKnowledge", "nullKnowledge\nullKnowledge.csproj", "{D2397052-C23B-463C-933D-6555CFD94FDF}"
EndProject
Global
	GlobalSection(SolutionConfigurationPlatforms) = preSolution
		Debug|Any CPU = Debug|Any CPU
		Release|Any CPU = Release|Any CPU
	EndGlobalSection
	GlobalSection(ProjectConfigurationPlatforms) = postSolution
		{E024C993-08AF-499E-9C22-7D47F5FB16F1}.Debug|Any CPU.ActiveCfg = Debug|Any CPU
		{E024C993-08AF-499E-9C22-7D47F5FB16F1}.Debug|Any CPU.Build.0 = Debug|Any CPU
		{E024C993-08AF-499E-9C22-7D47F5FB16F1}.Release|Any CPU.ActiveCfg = Release|Any CPU
		{E024C993-08AF-499E-9C22-7D47F5FB16F1}.Release|Any CPU.Build.0 = Release|Any CPU
		{F7179CBB-1929-4E89-9953-43CBB4EE1371}.Debug|Any CPU.ActiveCfg = Debug|Any CPU
		{F7179CBB-1929-4E89-9953-43CBB4EE1371}.Debug|Any CPU.Build.0 = Debug|Any CPU
		{F7179CBB-1929-4E89-9953-43CBB4EE1371}.Release|Any CPU.ActiveCfg = Release|Any CPU
		{F7179CBB-1929-4E89-9953-43CBB4EE1371}.Release|Any CPU.Build.0 = Release|Any CPU
		{F8A7D6DC-76C9-4FFD-8365-60608BA3EF83}.Debug|Any CPU.ActiveCfg = Debug|Any CPU
		{F8A7D6DC-76C9-4FFD-8365-60608BA3EF83}.Debug|Any CPU.Build.0 = Debug|Any CPU
		{F8A7D6DC-76C9-4FFD-8365-60608BA3EF83}.Release|Any CPU.ActiveCfg = Release|Any CPU
		{F8A7D6DC-76C9-4FFD-8365-60608BA3EF83}.Release|Any CPU.Build.0 = Release|Any CPU
		{39A3BBBD-AB69-4C7D-9727-3821DEA0A32D}.Debug|Any CPU.ActiveCfg = Debug|Any CPU
		{39A3BBBD-AB69-4C7D-9727-3821DEA0A32D}.Debug|Any CPU.Build.0 = Debug|Any CPU
		{39A3BBBD-AB69-4C7D-9727-3821DEA0A32D}.Release|Any CPU.ActiveCfg = Release|Any CPU
		{39A3BBBD-AB69-4C7D-9727-3821DEA0A32D}.Release|Any CPU.Build.0 = Release|Any CPU
		{D85F473A-91DD-4538-9259-9D7667FF29CC}.Debug|Any CPU.ActiveCfg = Debug|Any CPU
		{D85F473A-91DD-4538-9259-9D7667FF29CC}.Debug|Any CPU.Build.0 = Debug|Any CPU
		{D85F473A-91DD-4538-9259-9D7667FF29CC}.Release|Any CPU.ActiveCfg = Release|Any CPU
		{D85F473A-91DD-4538-9259-9D7667FF29CC}.Release|Any CPU.Build.0 = Release|Any CPU
		{A403DFC3-0259-4260-9A6A-AA5D670FC9DB}.Debug|Any CPU.ActiveCfg = Debug|Any CPU
		{A403DFC3-0259-4260-9A6A-AA5D670FC9DB}.Debug|Any CPU.Build.0 = Debug|Any CPU
		{A403DFC3-0259-4260-9A6A-AA5D670FC9DB}.Release|Any CPU.ActiveCfg = Release|Any CPU
		{A403DFC3-0259-4260-9A6A-AA5D670FC9DB}.Release|Any CPU.Build.0 = Release|Any CPU
		{D1349A35-0EA9-4A02-9542-7FD02E9F15FA}.Debug|Any CPU.ActiveCfg = Debug|Any CPU
		{D1349A35-0EA9-4A02-9542-7FD02E9F15FA}.Debug|Any CPU.Build.0 = Debug|Any CPU
		{D1349A35-0EA9-4A02-9542-7FD02E9F15FA}.Release|Any CPU.ActiveCfg = Release|Any CPU
		{D1349A35-0EA9-4A02-9542-7FD02E9F15FA}.Release|Any CPU.Build.0 = Release|Any CPU
		{DE7B64EB-E9DE-4429-BFAD-40FC6599D018}.Debug|Any CPU.ActiveCfg = Debug|Any CPU
		{DE7B64EB-E9DE-4429-BFAD-40FC6599D018}.Debug|Any CPU.Build.0 = Debug|Any CPU
		{DE7B64EB-E9DE-4429-BFAD-40FC6599D018}.Release|Any CPU.ActiveCfg = Release|Any CPU
		{DE7B64EB-E9DE-4429-BFAD-40FC6599D018}.Release|Any CPU.Build.0 = Release|Any CPU
		{160B0A4F-CBF2-4F72-BD04-173E4388509D}.Debug|Any CPU.ActiveCfg = Debug|Any CPU
		{160B0A4F-CBF2-4F72-BD04-173E4388509D}.Debug|Any CPU.Build.0 = Debug|Any CPU
		{160B0A4F-CBF2-4F72-BD04-173E4388509D}.Release|Any CPU.ActiveCfg = Release|Any CPU
		{160B0A4F-CBF2-4F72-BD04-173E4388509D}.Release|Any CPU.Build.0 = Release|Any CPU
		{576E6FCC-DC05-4B1B-8F99-84665A4449E4}.Debug|Any CPU.ActiveCfg = Debug|Any CPU
		{576E6FCC-DC05-4B1B-8F99-84665A4449E4}.Debug|Any CPU.Build.0 = Debug|Any CPU
		{576E6FCC-DC05-4B1B-8F99-84665A4449E4}.Release|Any CPU.ActiveCfg = Release|Any CPU
		{576E6FCC-DC05-4B1B-8F99-84665A4449E4}.Release|Any CPU.Build.0 = Release|Any CPU
		{24C2E886-E892-496A-BFB1-5A0773A49AB2}.Debug|Any CPU.ActiveCfg = Debug|Any CPU
		{24C2E886-E892-496A-BFB1-5A0773A49AB2}.Debug|Any CPU.Build.0 = Debug|Any CPU
		{24C2E886-E892-496A-BFB1-5A0773A49AB2}.Release|Any CPU.ActiveCfg = Release|Any CPU
		{24C2E886-E892-496A-BFB1-5A0773A49AB2}.Release|Any CPU.Build.0 = Release|Any CPU
		{1AC53C78-F85D-4426-83BC-A401F990025B}.Debug|Any CPU.ActiveCfg = Debug|Any CPU
		{1AC53C78-F85D-4426-83BC-A401F990025B}.Debug|Any CPU.Build.0 = Debug|Any CPU
		{1AC53C78-F85D-4426-83BC-A401F990025B}.Release|Any CPU.ActiveCfg = Release|Any CPU
		{1AC53C78-F85D-4426-83BC-A401F990025B}.Release|Any CPU.Build.0 = Release|Any CPU
		{E064DEE7-964F-495E-AE72-AE11B77723D7}.Debug|Any CPU.ActiveCfg = Debug|Any CPU
		{E064DEE7-964F-495E-AE72-AE11B77723D7}.Debug|Any CPU.Build.0 = Debug|Any CPU
		{E064DEE7-964F-495E-AE72-AE11B77723D7}.Release|Any CPU.ActiveCfg = Release|Any CPU
		{E064DEE7-964F-495E-AE72-AE11B77723D7}.Release|Any CPU.Build.0 = Release|Any CPU
		{59A3900D-AC9C-468F-95CB-67688EBD9046}.Debug|Any CPU.ActiveCfg = Debug|Any CPU
		{59A3900D-AC9C-468F-95CB-67688EBD9046}.Debug|Any CPU.Build.0 = Debug|Any CPU
		{59A3900D-AC9C-468F-95CB-67688EBD9046}.Release|Any CPU.ActiveCfg = Release|Any CPU
		{59A3900D-AC9C-468F-95CB-67688EBD9046}.Release|Any CPU.Build.0 = Release|Any CPU
		{D2397052-C23B-463C-933D-6555CFD94FDF}.Debug|Any CPU.ActiveCfg = Debug|Any CPU
		{D2397052-C23B-463C-933D-6555CFD94FDF}.Debug|Any CPU.Build.0 = Debug|Any CPU
		{D2397052-C23B-463C-933D-6555CFD94FDF}.Release|Any CPU.ActiveCfg = Release|Any CPU
		{D2397052-C23B-463C-933D-6555CFD94FDF}.Release|Any CPU.Build.0 = Release|Any CPU
	EndGlobalSection
	GlobalSection(SolutionProperties) = preSolution
		HideSolutionNode = FALSE
	EndGlobalSection
EndGlobal
